{
  "originHash" : "0a098b92d7e791cd309f697ac9cca8bfadec1711cfd8a6bd11c8fafb369d0ff2",
  "pins" : [
    {
      "identity" : "splash",
      "kind" : "remoteSourceControl",
      "location" : "https://github.com/JohnSundell/Splash.git",
      "state" : {
        "revision" : "7f4df436eb78fe64fe2c32c58006e9949fa28ad8",
        "version" : "0.16.0"
      }
    }
  ],
  "version" : 3
}
