{
  "pins" : [
    {
      "identity" : "cdmarkdownkit",
      "kind" : "remoteSourceControl",
      "location" : "https://github.com/chrisdhaan/CDMarkdownKit.git",
      "state" : {
        "revision" : "3d336f5e4014f0f42b52f347cd7f86ac0faa0082",
        "version" : "5.0.0"
      }
    }
  ],
  "version" : 2
}
